
Microsoft Visual Studio Solution File, Format Version 12.00
# Visual Studio Version 17
VisualStudioVersion = 17.10.34928.147
MinimumVisualStudioVersion = 10.0.40219.1
Project("{FAE04EC0-301F-11D3-BF4B-00C04F79EFBC}") = "de1", "de1.csproj", "{7A36C0CF-0FEA-4DB8-95D4-0F20ACDD13F6}"
EndProject
Global
	GlobalSection(SolutionConfigurationPlatforms) = preSolution
		Debug|Any CPU = Debug|Any CPU
		Release|Any CPU = Release|Any CPU
	EndGlobalSection
	GlobalSection(ProjectConfigurationPlatforms) = postSolution
		{7A36C0CF-0FEA-4DB8-95D4-0F20ACDD13F6}.Debug|Any CPU.ActiveCfg = Debug|Any CPU
		{7A36C0CF-0FEA-4DB8-95D4-0F20ACDD13F6}.Debug|Any CPU.Build.0 = Debug|Any CPU
		{7A36C0CF-0FEA-4DB8-95D4-0F20ACDD13F6}.Release|Any CPU.ActiveCfg = Release|Any CPU
		{7A36C0CF-0FEA-4DB8-95D4-0F20ACDD13F6}.Release|Any CPU.Build.0 = Release|Any CPU
	EndGlobalSection
	GlobalSection(SolutionProperties) = preSolution
		HideSolutionNode = FALSE
	EndGlobalSection
	GlobalSection(ExtensibilityGlobals) = postSolution
		SolutionGuid = {27B0627A-AF53-4CC2-B565-3076C2AB4531}
	EndGlobalSection
EndGlobal
